// !$*UTF8*$!
{
	archiveVersion = 1;
	classes = {
	};
	objectVersion = 50;
	objects = {

/* Begin PBXBuildFile section */
		4219CB2C2421720B007F083E /* PhotoListView.swift in Sources */ = {isa = PBXBuildFile; fileRef = 4219CB2B2421720B007F083E /* PhotoListView.swift */; };
		4219CB2E24217533007F083E /* LoadingView.swift in Sources */ = {isa = PBXBuildFile; fileRef = 4219CB2D24217533007F083E /* LoadingView.swift */; };
		42424AAD242146F1008EDA4E /* AppDelegate.swift in Sources */ = {isa = PBXBuildFile; fileRef = 42424AAC242146F1008EDA4E /* AppDelegate.swift */; };
		42424AAF242146F1008EDA4E /* SceneDelegate.swift in Sources */ = {isa = PBXBuildFile; fileRef = 42424AAE242146F1008EDA4E /* SceneDelegate.swift */; };
		42424AB1242146F1008EDA4E /* ContentView.swift in Sources */ = {isa = PBXBuildFile; fileRef = 42424AB0242146F1008EDA4E /* ContentView.swift */; };
		42424AB3242146F6008EDA4E /* Assets.xcassets in Resources */ = {isa = PBXBuildFile; fileRef = 42424AB2242146F6008EDA4E /* Assets.xcassets */; };
		42424AB6242146F6008EDA4E /* Preview Assets.xcassets in Resources */ = {isa = PBXBuildFile; fileRef = 42424AB5242146F6008EDA4E /* Preview Assets.xcassets */; };
		42424AB9242146F6008EDA4E /* LaunchScreen.storyboard in Resources */ = {isa = PBXBuildFile; fileRef = 42424AB7242146F6008EDA4E /* LaunchScreen.storyboard */; };
		42424AC124214A6F008EDA4E /* NetworkRequest.swift in Sources */ = {isa = PBXBuildFile; fileRef = 42424AC024214A6F008EDA4E /* NetworkRequest.swift */; };
		42424AC324214C77008EDA4E /* PhotoDetailView.swift in Sources */ = {isa = PBXBuildFile; fileRef = 42424AC224214C77008EDA4E /* PhotoDetailView.swift */; };
		42424AC524214D06008EDA4E /* ActivityIndicator.swift in Sources */ = {isa = PBXBuildFile; fileRef = 42424AC424214D06008EDA4E /* ActivityIndicator.swift */; };
/* End PBXBuildFile section */

/* Begin PBXFileReference section */
		4219CB2B2421720B007F083E /* PhotoListView.swift */ = {isa = PBXFileReference; lastKnownFileType = sourcecode.swift; path = PhotoListView.swift; sourceTree = "<group>"; };
		4219CB2D24217533007F083E /* LoadingView.swift */ = {isa = PBXFileReference; lastKnownFileType = sourcecode.swift; path = LoadingView.swift; sourceTree = "<group>"; };
		42424AA9242146F1008EDA4E /* PhotoListSwiftUI.app */ = {isa = PBXFileReference; explicitFileType = wrapper.application; includeInIndex = 0; path = PhotoListSwiftUI.app; sourceTree = BUILT_PRODUCTS_DIR; };
		42424AAC242146F1008EDA4E /* AppDelegate.swift */ = {isa = PBXFileReference; lastKnownFileType = sourcecode.swift; path = AppDelegate.swift; sourceTree = "<group>"; };
		42424AAE242146F1008EDA4E /* SceneDelegate.swift */ = {isa = PBXFileReference; lastKnownFileType = sourcecode.swift; path = SceneDelegate.swift; sourceTree = "<group>"; };
		42424AB0242146F1008EDA4E /* ContentView.swift */ = {isa = PBXFileReference; lastKnownFileType = sourcecode.swift; path = ContentView.swift; sourceTree = "<group>"; };
		42424AB2242146F6008EDA4E /* Assets.xcassets */ = {isa = PBXFileReference; lastKnownFileType = folder.assetcatalog; path = Assets.xcassets; sourceTree = "<group>"; };
		42424AB5242146F6008EDA4E /* Preview Assets.xcassets */ = {isa = PBXFileReference; lastKnownFileType = folder.assetcatalog; path = "Preview Assets.xcassets"; sourceTree = "<group>"; };
		42424AB8242146F6008EDA4E /* Base */ = {isa = PBXFileReference; lastKnownFileType = file.storyboard; name = Base; path = Base.lproj/LaunchScreen.storyboard; sourceTree = "<group>"; };
		42424ABA242146F6008EDA4E /* Info.plist */ = {isa = PBXFileReference; lastKnownFileType = text.plist.xml; path = Info.plist; sourceTree = "<group>"; };
		42424AC024214A6F008EDA4E /* NetworkRequest.swift */ = {isa = PBXFileReference; lastKnownFileType = sourcecode.swift; path = NetworkRequest.swift; sourceTree = "<group>"; };
		42424AC224214C77008EDA4E /* PhotoDetailView.swift */ = {isa = PBXFileReference; lastKnownFileType = sourcecode.swift; path = PhotoDetailView.swift; sourceTree = "<group>"; };
		42424AC424214D06008EDA4E /* ActivityIndicator.swift */ = {isa = PBXFileReference; lastKnownFileType = sourcecode.swift; path = ActivityIndicator.swift; sourceTree = "<group>"; };
/* End PBXFileReference section */

/* Begin PBXFrameworksBuildPhase section */
		42424AA6242146F1008EDA4E /* Frameworks */ = {
			isa = PBXFrameworksBuildPhase;
			buildActionMask = 2147483647;
			files = (
			);
			runOnlyForDeploymentPostprocessing = 0;
		};
/* End PBXFrameworksBuildPhase section */

/* Begin PBXGroup section */
		42424AA0242146F0008EDA4E = {
			isa = PBXGroup;
			children = (
				42424AAB242146F1008EDA4E /* PhotoListSwiftUI */,
				42424AAA242146F1008EDA4E /* Products */,
			);
			sourceTree = "<group>";
		};
		42424AAA242146F1008EDA4E /* Products */ = {
			isa = PBXGroup;
			children = (
				42424AA9242146F1008EDA4E /* PhotoListSwiftUI.app */,
			);
			name = Products;
			sourceTree = "<group>";
		};
		42424AAB242146F1008EDA4E /* PhotoListSwiftUI */ = {
			isa = PBXGroup;
			children = (
				42424AAC242146F1008EDA4E /* AppDelegate.swift */,
				42424AAE242146F1008EDA4E /* SceneDelegate.swift */,
				42424AB0242146F1008EDA4E /* ContentView.swift */,
				4219CB2B2421720B007F083E /* PhotoListView.swift */,
				42424AC024214A6F008EDA4E /* NetworkRequest.swift */,
				42424AC224214C77008EDA4E /* PhotoDetailView.swift */,
				42424AC424214D06008EDA4E /* ActivityIndicator.swift */,
				4219CB2D24217533007F083E /* LoadingView.swift */,
				42424AB2242146F6008EDA4E /* Assets.xcassets */,
				42424AB7242146F6008EDA4E /* LaunchScreen.storyboard */,
				42424ABA242146F6008EDA4E /* Info.plist */,
				42424AB4242146F6008EDA4E /* Preview Content */,
			);
			path = PhotoListSwiftUI;
			sourceTree = "<group>";
		};
		42424AB4242146F6008EDA4E /* Preview Content */ = {
			isa = PBXGroup;
			children = (
				42424AB5242146F6008EDA4E /* Preview Assets.xcassets */,
			);
			path = "Preview Content";
			sourceTree = "<group>";
		};
/* End PBXGroup section */

/* Begin PBXNativeTarget section */
		42424AA8242146F1008EDA4E /* PhotoListSwiftUI */ = {
			isa = PBXNativeTarget;
			buildConfigurationList = 42424ABD242146F6008EDA4E /* Build configuration list for PBXNativeTarget "PhotoListSwiftUI" */;
			buildPhases = (
				42424AA5242146F1008EDA4E /* Sources */,
				42424AA6242146F1008EDA4E /* Frameworks */,
				42424AA7242146F1008EDA4E /* Resources */,
			);
			buildRules = (
			);
			dependencies = (
			);
			name = PhotoListSwiftUI;
			productName = PhotoListSwiftUI;
			productReference = 42424AA9242146F1008EDA4E /* PhotoListSwiftUI.app */;
			productType = "com.apple.product-type.application";
		};
/* End PBXNativeTarget section */

/* Begin PBXProject section */
		42424AA1242146F0008EDA4E /* Project object */ = {
			isa = PBXProject;
			attributes = {
				LastSwiftUpdateCheck = 1100;
				LastUpgradeCheck = 1100;
				ORGANIZATIONNAME = "Ivan Ruiz Monjo";
				TargetAttributes = {
					42424AA8242146F1008EDA4E = {
						CreatedOnToolsVersion = 11.0;
					};
				};
			};
			buildConfigurationList = 42424AA4242146F0008EDA4E /* Build configuration list for PBXProject "PhotoListSwiftUI" */;
			compatibilityVersion = "Xcode 9.3";
			developmentRegion = en;
			hasScannedForEncodings = 0;
			knownRegions = (
				en,
				Base,
			);
			mainGroup = 42424AA0242146F0008EDA4E;
			productRefGroup = 42424AAA242146F1008EDA4E /* Products */;
			projectDirPath = "";
			projectRoot = "";
			targets = (
				42424AA8242146F1008EDA4E /* PhotoListSwiftUI */,
			);
		};
/* End PBXProject section */

/* Begin PBXResourcesBuildPhase section */
		42424AA7242146F1008EDA4E /* Resources */ = {
			isa = PBXResourcesBuildPhase;
			buildActionMask = 2147483647;
			files = (
				42424AB9242146F6008EDA4E /* LaunchScreen.storyboard in Resources */,
				42424AB6242146F6008EDA4E /* Preview Assets.xcassets in Resources */,
				42424AB3242146F6008EDA4E /* Assets.xcassets in Resources */,
			);
			runOnlyForDeploymentPostprocessing = 0;
		};
/* End PBXResourcesBuildPhase section */

/* Begin PBXSourcesBuildPhase section */
		42424AA5242146F1008EDA4E /* Sources */ = {
			isa = PBXSourcesBuildPhase;
			buildActionMask = 2147483647;
			files = (
				42424AAD242146F1008EDA4E /* AppDelegate.swift in Sources */,
				42424AAF242146F1008EDA4E /* SceneDelegate.swift in Sources */,
				42424AC124214A6F008EDA4E /* NetworkRequest.swift in Sources */,
				4219CB2C2421720B007F083E /* PhotoListView.swift in Sources */,
				42424AC324214C77008EDA4E /* PhotoDetailView.swift in Sources */,
				4219CB2E24217533007F083E /* LoadingView.swift in Sources */,
				42424AC524214D06008EDA4E /* ActivityIndicator.swift in Sources */,
				42424AB1242146F1008EDA4E /* ContentView.swift in Sources */,
			);
			runOnlyForDeploymentPostprocessing = 0;
		};
/* End PBXSourcesBuildPhase section */

/* Begin PBXVariantGroup section */
		42424AB7242146F6008EDA4E /* LaunchScreen.storyboard */ = {
			isa = PBXVariantGroup;
			children = (
				42424AB8242146F6008EDA4E /* Base */,
			);
			name = LaunchScreen.storyboard;
			sourceTree = "<group>";
		};
/* End PBXVariantGroup section */

/* Begin XCBuildConfiguration section */
		42424ABB242146F6008EDA4E /* Debug */ = {
			isa = XCBuildConfiguration;
			buildSettings = {
				ALWAYS_SEARCH_USER_PATHS = NO;
				CLANG_ANALYZER_NONNULL = YES;
				CLANG_ANALYZER_NUMBER_OBJECT_CONVERSION = YES_AGGRESSIVE;
				CLANG_CXX_LANGUAGE_STANDARD = "gnu++14";
				CLANG_CXX_LIBRARY = "libc++";
				CLANG_ENABLE_MODULES = YES;
				CLANG_ENABLE_OBJC_ARC = YES;
				CLANG_ENABLE_OBJC_WEAK = YES;
				CLANG_WARN_BLOCK_CAPTURE_AUTORELEASING = YES;
				CLANG_WARN_BOOL_CONVERSION = YES;
				CLANG_WARN_COMMA = YES;
				CLANG_WARN_CONSTANT_CONVERSION = YES;
				CLANG_WARN_DEPRECATED_OBJC_IMPLEMENTATIONS = YES;
				CLANG_WARN_DIRECT_OBJC_ISA_USAGE = YES_ERROR;
				CLANG_WARN_DOCUMENTATION_COMMENTS = YES;
				CLANG_WARN_EMPTY_BODY = YES;
				CLANG_WARN_ENUM_CONVERSION = YES;
				CLANG_WARN_INFINITE_RECURSION = YES;
				CLANG_WARN_INT_CONVERSION = YES;
				CLANG_WARN_NON_LITERAL_NULL_CONVERSION = YES;
				CLANG_WARN_OBJC_IMPLICIT_RETAIN_SELF = YES;
				CLANG_WARN_OBJC_LITERAL_CONVERSION = YES;
				CLANG_WARN_OBJC_ROOT_CLASS = YES_ERROR;
				CLANG_WARN_RANGE_LOOP_ANALYSIS = YES;
				CLANG_WARN_STRICT_PROTOTYPES = YES;
				CLANG_WARN_SUSPICIOUS_MOVE = YES;
				CLANG_WARN_UNGUARDED_AVAILABILITY = YES_AGGRESSIVE;
				CLANG_WARN_UNREACHABLE_CODE = YES;
				CLANG_WARN__DUPLICATE_METHOD_MATCH = YES;
				COPY_PHASE_STRIP = NO;
				DEBUG_INFORMATION_FORMAT = dwarf;
				ENABLE_STRICT_OBJC_MSGSEND = YES;
				ENABLE_TESTABILITY = YES;
				GCC_C_LANGUAGE_STANDARD = gnu11;
				GCC_DYNAMIC_NO_PIC = NO;
				GCC_NO_COMMON_BLOCKS = YES;
				GCC_OPTIMIZATION_LEVEL = 0;
				GCC_PREPROCESSOR_DEFINITIONS = (
					"DEBUG=1",
					"$(inherited)",
				);
				GCC_WARN_64_TO_32_BIT_CONVERSION = YES;
				GCC_WARN_ABOUT_RETURN_TYPE = YES_ERROR;
				GCC_WARN_UNDECLARED_SELECTOR = YES;
				GCC_WARN_UNINITIALIZED_AUTOS = YES_AGGRESSIVE;
				GCC_WARN_UNUSED_FUNCTION = YES;
				GCC_WARN_UNUSED_VARIABLE = YES;
				IPHONEOS_DEPLOYMENT_TARGET = 13.0;
				MTL_ENABLE_DEBUG_INFO = INCLUDE_SOURCE;
				MTL_FAST_MATH = YES;
				ONLY_ACTIVE_ARCH = YES;
				SDKROOT = iphoneos;
				SWIFT_ACTIVE_COMPILATION_CONDITIONS = DEBUG;
				SWIFT_OPTIMIZATION_LEVEL = "-Onone";
			};
			name = Debug;
		};
		42424ABC242146F6008EDA4E /* Release */ = {
			isa = XCBuildConfiguration;
			buildSettings = {
				ALWAYS_SEARCH_USER_PATHS = NO;
				CLANG_ANALYZER_NONNULL = YES;
				CLANG_ANALYZER_NUMBER_OBJECT_CONVERSION = YES_AGGRESSIVE;
				CLANG_CXX_LANGUAGE_STANDARD = "gnu++14";
				CLANG_CXX_LIBRARY = "libc++";
				CLANG_ENABLE_MODULES = YES;
				CLANG_ENABLE_OBJC_ARC = YES;
				CLANG_ENABLE_OBJC_WEAK = YES;
				CLANG_WARN_BLOCK_CAPTURE_AUTORELEASING = YES;
				CLANG_WARN_BOOL_CONVERSION = YES;
				CLANG_WARN_COMMA = YES;
				CLANG_WARN_CONSTANT_CONVERSION = YES;
				CLANG_WARN_DEPRECATED_OBJC_IMPLEMENTATIONS = YES;
				CLANG_WARN_DIRECT_OBJC_ISA_USAGE = YES_ERROR;
				CLANG_WARN_DOCUMENTATION_COMMENTS = YES;
				CLANG_WARN_EMPTY_BODY = YES;
				CLANG_WARN_ENUM_CONVERSION = YES;
				CLANG_WARN_INFINITE_RECURSION = YES;
				CLANG_WARN_INT_CONVERSION = YES;
				CLANG_WARN_NON_LITERAL_NULL_CONVERSION = YES;
				CLANG_WARN_OBJC_IMPLICIT_RETAIN_SELF = YES;
				CLANG_WARN_OBJC_LITERAL_CONVERSION = YES;
				CLANG_WARN_OBJC_ROOT_CLASS = YES_ERROR;
				CLANG_WARN_RANGE_LOOP_ANALYSIS = YES;
				CLANG_WARN_STRICT_PROTOTYPES = YES;
				CLANG_WARN_SUSPICIOUS_MOVE = YES;
				CLANG_WARN_UNGUARDED_AVAILABILITY = YES_AGGRESSIVE;
				CLANG_WARN_UNREACHABLE_CODE = YES;
				CLANG_WARN__DUPLICATE_METHOD_MATCH = YES;
				COPY_PHASE_STRIP = NO;
				DEBUG_INFORMATION_FORMAT = "dwarf-with-dsym";
				ENABLE_NS_ASSERTIONS = NO;
				ENABLE_STRICT_OBJC_MSGSEND = YES;
				GCC_C_LANGUAGE_STANDARD = gnu11;
				GCC_NO_COMMON_BLOCKS = YES;
				GCC_WARN_64_TO_32_BIT_CONVERSION = YES;
				GCC_WARN_ABOUT_RETURN_TYPE = YES_ERROR;
				GCC_WARN_UNDECLARED_SELECTOR = YES;
				GCC_WARN_UNINITIALIZED_AUTOS = YES_AGGRESSIVE;
				GCC_WARN_UNUSED_FUNCTION = YES;
				GCC_WARN_UNUSED_VARIABLE = YES;
				IPHONEOS_DEPLOYMENT_TARGET = 13.0;
				MTL_ENABLE_DEBUG_INFO = NO;
				MTL_FAST_MATH = YES;
				SDKROOT = iphoneos;
				SWIFT_COMPILATION_MODE = wholemodule;
				SWIFT_OPTIMIZATION_LEVEL = "-O";
				VALIDATE_PRODUCT = YES;
			};
			name = Release;
		};
		42424ABE242146F6008EDA4E /* Debug */ = {
			isa = XCBuildConfiguration;
			buildSettings = {
				ASSETCATALOG_COMPILER_APPICON_NAME = AppIcon;
				CODE_SIGN_STYLE = Automatic;
				DEVELOPMENT_ASSET_PATHS = "\"PhotoListSwiftUI/Preview Content\"";
				ENABLE_PREVIEWS = YES;
				INFOPLIST_FILE = PhotoListSwiftUI/Info.plist;
				LD_RUNPATH_SEARCH_PATHS = (
					"$(inherited)",
					"@executable_path/Frameworks",
				);
				PRODUCT_BUNDLE_IDENTIFIER = ivan.PhotoListSwiftUI;
				PRODUCT_NAME = "$(TARGET_NAME)";
				SWIFT_VERSION = 5.0;
				TARGETED_DEVICE_FAMILY = "1,2";
			};
			name = Debug;
		};
		42424ABF242146F6008EDA4E /* Release */ = {
			isa = XCBuildConfiguration;
			buildSettings = {
				ASSETCATALOG_COMPILER_APPICON_NAME = AppIcon;
				CODE_SIGN_STYLE = Automatic;
				DEVELOPMENT_ASSET_PATHS = "\"PhotoListSwiftUI/Preview Content\"";
				ENABLE_PREVIEWS = YES;
				INFOPLIST_FILE = PhotoListSwiftUI/Info.plist;
				LD_RUNPATH_SEARCH_PATHS = (
					"$(inherited)",
					"@executable_path/Frameworks",
				);
				PRODUCT_BUNDLE_IDENTIFIER = ivan.PhotoListSwiftUI;
				PRODUCT_NAME = "$(TARGET_NAME)";
				SWIFT_VERSION = 5.0;
				TARGETED_DEVICE_FAMILY = "1,2";
			};
			name = Release;
		};
/* End XCBuildConfiguration section */

/* Begin XCConfigurationList section */
		42424AA4242146F0008EDA4E /* Build configuration list for PBXProject "PhotoListSwiftUI" */ = {
			isa = XCConfigurationList;
			buildConfigurations = (
				42424ABB242146F6008EDA4E /* Debug */,
				42424ABC242146F6008EDA4E /* Release */,
			);
			defaultConfigurationIsVisible = 0;
			defaultConfigurationName = Release;
		};
		42424ABD242146F6008EDA4E /* Build configuration list for PBXNativeTarget "PhotoListSwiftUI" */ = {
			isa = XCConfigurationList;
			buildConfigurations = (
				42424ABE242146F6008EDA4E /* Debug */,
				42424ABF242146F6008EDA4E /* Release */,
			);
			defaultConfigurationIsVisible = 0;
			defaultConfigurationName = Release;
		};
/* End XCConfigurationList section */
	};
	rootObject = 42424AA1242146F0008EDA4E /* Project object */;
}
